// !$*UTF8*$!
{
	archiveVersion = 1;
	classes = {
	};
	objectVersion = 50;
	objects = {

/* Begin PBXBuildFile section */
		51C468F52260F288008E5DE8 /* MarvelComic.swift in Sources */ = {isa = PBXBuildFile; fileRef = 51C468F42260F288008E5DE8 /* MarvelComic.swift */; };
		51C468F72260F326008E5DE8 /* DataClass.swift in Sources */ = {isa = PBXBuildFile; fileRef = 51C468F62260F326008E5DE8 /* DataClass.swift */; };
		51C468F92260F349008E5DE8 /* Thumbnail.swift in Sources */ = {isa = PBXBuildFile; fileRef = 51C468F82260F349008E5DE8 /* Thumbnail.swift */; };
		51C468FB2260F362008E5DE8 /* Price.swift in Sources */ = {isa = PBXBuildFile; fileRef = 51C468FA2260F362008E5DE8 /* Price.swift */; };
		51C468FD2260F37A008E5DE8 /* Events.swift in Sources */ = {isa = PBXBuildFile; fileRef = 51C468FC2260F37A008E5DE8 /* Events.swift */; };
		51C468FF2260F38B008E5DE8 /* Stories.swift in Sources */ = {isa = PBXBuildFile; fileRef = 51C468FE2260F38B008E5DE8 /* Stories.swift */; };
		51C469012260F3D6008E5DE8 /* StoriesItem.swift in Sources */ = {isa = PBXBuildFile; fileRef = 51C469002260F3D6008E5DE8 /* StoriesItem.swift */; };
		51C469032260F42B008E5DE8 /* URLElement.swift in Sources */ = {isa = PBXBuildFile; fileRef = 51C469022260F42B008E5DE8 /* URLElement.swift */; };
		51C469052260F454008E5DE8 /* ComicsItem.swift in Sources */ = {isa = PBXBuildFile; fileRef = 51C469042260F454008E5DE8 /* ComicsItem.swift */; };
		51C469072260F477008E5DE8 /* Comics.swift in Sources */ = {isa = PBXBuildFile; fileRef = 51C469062260F477008E5DE8 /* Comics.swift */; };
		51C469092260F50F008E5DE8 /* MarvelSeries.swift in Sources */ = {isa = PBXBuildFile; fileRef = 51C469082260F50F008E5DE8 /* MarvelSeries.swift */; };
		51C4690B2260F66E008E5DE8 /* Result.swift in Sources */ = {isa = PBXBuildFile; fileRef = 51C4690A2260F66E008E5DE8 /* Result.swift */; };
		51C4690D2260F6A5008E5DE8 /* CharactersItem.swift in Sources */ = {isa = PBXBuildFile; fileRef = 51C4690C2260F6A5008E5DE8 /* CharactersItem.swift */; };
		51C4690F2260F6CB008E5DE8 /* DateElement.swift in Sources */ = {isa = PBXBuildFile; fileRef = 51C4690E2260F6CB008E5DE8 /* DateElement.swift */; };
		51C469112260F6DD008E5DE8 /* TextObject.swift in Sources */ = {isa = PBXBuildFile; fileRef = 51C469102260F6DD008E5DE8 /* TextObject.swift */; };
		51C469132260F6F8008E5DE8 /* Characters.swift in Sources */ = {isa = PBXBuildFile; fileRef = 51C469122260F6F8008E5DE8 /* Characters.swift */; };
		51C469152260FA7E008E5DE8 /* MarvelStories.swift in Sources */ = {isa = PBXBuildFile; fileRef = 51C469142260FA7E008E5DE8 /* MarvelStories.swift */; };
		51C469192260FB4E008E5DE8 /* Item.swift in Sources */ = {isa = PBXBuildFile; fileRef = 51C469182260FB4E008E5DE8 /* Item.swift */; };
		51D9F9052260E38B00741E1E /* AppDelegate.swift in Sources */ = {isa = PBXBuildFile; fileRef = 51D9F9042260E38B00741E1E /* AppDelegate.swift */; };
		51D9F90C2260E38C00741E1E /* Assets.xcassets in Resources */ = {isa = PBXBuildFile; fileRef = 51D9F90B2260E38C00741E1E /* Assets.xcassets */; };
		51D9F90F2260E38C00741E1E /* LaunchScreen.storyboard in Resources */ = {isa = PBXBuildFile; fileRef = 51D9F90D2260E38C00741E1E /* LaunchScreen.storyboard */; };
		51D9F91A2260E38C00741E1E /* Marvel_ViperTests.swift in Sources */ = {isa = PBXBuildFile; fileRef = 51D9F9192260E38C00741E1E /* Marvel_ViperTests.swift */; };
		51D9F9262260E93200741E1E /* WebServiceConfiguration.swift in Sources */ = {isa = PBXBuildFile; fileRef = 51D9F9252260E93200741E1E /* WebServiceConfiguration.swift */; };
		51D9F9282260E97A00741E1E /* Endpoint.swift in Sources */ = {isa = PBXBuildFile; fileRef = 51D9F9272260E97A00741E1E /* Endpoint.swift */; };
		51D9F92A2260E9C100741E1E /* WebService.swift in Sources */ = {isa = PBXBuildFile; fileRef = 51D9F9292260E9C100741E1E /* WebService.swift */; };
		51D9F92D2260E9F400741E1E /* Constants.swift in Sources */ = {isa = PBXBuildFile; fileRef = 51D9F92C2260E9F400741E1E /* Constants.swift */; };
		51D9F92F2260EB9800741E1E /* WebServiceAssembly.swift in Sources */ = {isa = PBXBuildFile; fileRef = 51D9F92E2260EB9800741E1E /* WebServiceAssembly.swift */; };
		51D9F9332260EBFA00741E1E /* CoreAssembly.swift in Sources */ = {isa = PBXBuildFile; fileRef = 51D9F9322260EBFA00741E1E /* CoreAssembly.swift */; };
		51D9F9362260F07000741E1E /* ComicCharacters.swift in Sources */ = {isa = PBXBuildFile; fileRef = 51D9F9352260F07000741E1E /* ComicCharacters.swift */; };
		51DEA1E9226111EF00D6DE90 /* GenericViewController.swift in Sources */ = {isa = PBXBuildFile; fileRef = 51DEA1E8226111EF00D6DE90 /* GenericViewController.swift */; };
		51DEA1EB2261123A00D6DE90 /* GenericInteractor.swift in Sources */ = {isa = PBXBuildFile; fileRef = 51DEA1EA2261123A00D6DE90 /* GenericInteractor.swift */; };
		51DEA1ED2261126B00D6DE90 /* GenericWireframe.swift in Sources */ = {isa = PBXBuildFile; fileRef = 51DEA1EC2261126B00D6DE90 /* GenericWireframe.swift */; };
		51DEA1EF226112A900D6DE90 /* GenericPresenter.swift in Sources */ = {isa = PBXBuildFile; fileRef = 51DEA1EE226112A900D6DE90 /* GenericPresenter.swift */; };
		51DEA1F32261138300D6DE90 /* LoginProtocols.swift in Sources */ = {isa = PBXBuildFile; fileRef = 51DEA1F22261138300D6DE90 /* LoginProtocols.swift */; };
		51DEA1F52261139B00D6DE90 /* LoginWireframeImplementation.swift in Sources */ = {isa = PBXBuildFile; fileRef = 51DEA1F42261139B00D6DE90 /* LoginWireframeImplementation.swift */; };
		51DEA1F7226113B300D6DE90 /* LoginIntereactorImplementation.swift in Sources */ = {isa = PBXBuildFile; fileRef = 51DEA1F6226113B300D6DE90 /* LoginIntereactorImplementation.swift */; };
		51DEA1F9226113C500D6DE90 /* LoginPresenterImplementation.swift in Sources */ = {isa = PBXBuildFile; fileRef = 51DEA1F8226113C500D6DE90 /* LoginPresenterImplementation.swift */; };
		51DEA1FC226113DF00D6DE90 /* LoginViewController.swift in Sources */ = {isa = PBXBuildFile; fileRef = 51DEA1FA226113DF00D6DE90 /* LoginViewController.swift */; };
		51DEA1FD226113DF00D6DE90 /* LoginViewController.xib in Resources */ = {isa = PBXBuildFile; fileRef = 51DEA1FB226113DF00D6DE90 /* LoginViewController.xib */; };
		51DEA1FF2261196D00D6DE90 /* LoginAssembly.swift in Sources */ = {isa = PBXBuildFile; fileRef = 51DEA1FE2261196D00D6DE90 /* LoginAssembly.swift */; };
/* End PBXBuildFile section */

/* Begin PBXContainerItemProxy section */
		51D9F9162260E38C00741E1E /* PBXContainerItemProxy */ = {
			isa = PBXContainerItemProxy;
			containerPortal = 51D9F8F92260E38B00741E1E /* Project object */;
			proxyType = 1;
			remoteGlobalIDString = 51D9F9002260E38B00741E1E;
			remoteInfo = "Marvel-Viper";
		};
/* End PBXContainerItemProxy section */

/* Begin PBXFileReference section */
		51C468F42260F288008E5DE8 /* MarvelComic.swift */ = {isa = PBXFileReference; lastKnownFileType = sourcecode.swift; path = MarvelComic.swift; sourceTree = "<group>"; };
		51C468F62260F326008E5DE8 /* DataClass.swift */ = {isa = PBXFileReference; lastKnownFileType = sourcecode.swift; path = DataClass.swift; sourceTree = "<group>"; };
		51C468F82260F349008E5DE8 /* Thumbnail.swift */ = {isa = PBXFileReference; lastKnownFileType = sourcecode.swift; path = Thumbnail.swift; sourceTree = "<group>"; };
		51C468FA2260F362008E5DE8 /* Price.swift */ = {isa = PBXFileReference; lastKnownFileType = sourcecode.swift; path = Price.swift; sourceTree = "<group>"; };
		51C468FC2260F37A008E5DE8 /* Events.swift */ = {isa = PBXFileReference; lastKnownFileType = sourcecode.swift; path = Events.swift; sourceTree = "<group>"; };
		51C468FE2260F38B008E5DE8 /* Stories.swift */ = {isa = PBXFileReference; lastKnownFileType = sourcecode.swift; path = Stories.swift; sourceTree = "<group>"; };
		51C469002260F3D6008E5DE8 /* StoriesItem.swift */ = {isa = PBXFileReference; lastKnownFileType = sourcecode.swift; path = StoriesItem.swift; sourceTree = "<group>"; };
		51C469022260F42B008E5DE8 /* URLElement.swift */ = {isa = PBXFileReference; lastKnownFileType = sourcecode.swift; path = URLElement.swift; sourceTree = "<group>"; };
		51C469042260F454008E5DE8 /* ComicsItem.swift */ = {isa = PBXFileReference; lastKnownFileType = sourcecode.swift; path = ComicsItem.swift; sourceTree = "<group>"; };
		51C469062260F477008E5DE8 /* Comics.swift */ = {isa = PBXFileReference; lastKnownFileType = sourcecode.swift; path = Comics.swift; sourceTree = "<group>"; };
		51C469082260F50F008E5DE8 /* MarvelSeries.swift */ = {isa = PBXFileReference; lastKnownFileType = sourcecode.swift; path = MarvelSeries.swift; sourceTree = "<group>"; };
		51C4690A2260F66E008E5DE8 /* Result.swift */ = {isa = PBXFileReference; lastKnownFileType = sourcecode.swift; path = Result.swift; sourceTree = "<group>"; };
		51C4690C2260F6A5008E5DE8 /* CharactersItem.swift */ = {isa = PBXFileReference; lastKnownFileType = sourcecode.swift; path = CharactersItem.swift; sourceTree = "<group>"; };
		51C4690E2260F6CB008E5DE8 /* DateElement.swift */ = {isa = PBXFileReference; lastKnownFileType = sourcecode.swift; path = DateElement.swift; sourceTree = "<group>"; };
		51C469102260F6DD008E5DE8 /* TextObject.swift */ = {isa = PBXFileReference; lastKnownFileType = sourcecode.swift; path = TextObject.swift; sourceTree = "<group>"; };
		51C469122260F6F8008E5DE8 /* Characters.swift */ = {isa = PBXFileReference; lastKnownFileType = sourcecode.swift; path = Characters.swift; sourceTree = "<group>"; };
		51C469142260FA7E008E5DE8 /* MarvelStories.swift */ = {isa = PBXFileReference; lastKnownFileType = sourcecode.swift; path = MarvelStories.swift; sourceTree = "<group>"; };
		51C469182260FB4E008E5DE8 /* Item.swift */ = {isa = PBXFileReference; lastKnownFileType = sourcecode.swift; path = Item.swift; sourceTree = "<group>"; };
		51D9F9012260E38B00741E1E /* Marvel-Viper.app */ = {isa = PBXFileReference; explicitFileType = wrapper.application; includeInIndex = 0; path = "Marvel-Viper.app"; sourceTree = BUILT_PRODUCTS_DIR; };
		51D9F9042260E38B00741E1E /* AppDelegate.swift */ = {isa = PBXFileReference; lastKnownFileType = sourcecode.swift; path = AppDelegate.swift; sourceTree = "<group>"; };
		51D9F90B2260E38C00741E1E /* Assets.xcassets */ = {isa = PBXFileReference; lastKnownFileType = folder.assetcatalog; path = Assets.xcassets; sourceTree = "<group>"; };
		51D9F90E2260E38C00741E1E /* Base */ = {isa = PBXFileReference; lastKnownFileType = file.storyboard; name = Base; path = Base.lproj/LaunchScreen.storyboard; sourceTree = "<group>"; };
		51D9F9102260E38C00741E1E /* Info.plist */ = {isa = PBXFileReference; lastKnownFileType = text.plist.xml; path = Info.plist; sourceTree = "<group>"; };
		51D9F9152260E38C00741E1E /* Marvel-ViperTests.xctest */ = {isa = PBXFileReference; explicitFileType = wrapper.cfbundle; includeInIndex = 0; path = "Marvel-ViperTests.xctest"; sourceTree = BUILT_PRODUCTS_DIR; };
		51D9F9192260E38C00741E1E /* Marvel_ViperTests.swift */ = {isa = PBXFileReference; lastKnownFileType = sourcecode.swift; path = Marvel_ViperTests.swift; sourceTree = "<group>"; };
		51D9F91B2260E38C00741E1E /* Info.plist */ = {isa = PBXFileReference; lastKnownFileType = text.plist.xml; path = Info.plist; sourceTree = "<group>"; };
		51D9F9252260E93200741E1E /* WebServiceConfiguration.swift */ = {isa = PBXFileReference; lastKnownFileType = sourcecode.swift; path = WebServiceConfiguration.swift; sourceTree = "<group>"; };
		51D9F9272260E97A00741E1E /* Endpoint.swift */ = {isa = PBXFileReference; lastKnownFileType = sourcecode.swift; path = Endpoint.swift; sourceTree = "<group>"; };
		51D9F9292260E9C100741E1E /* WebService.swift */ = {isa = PBXFileReference; lastKnownFileType = sourcecode.swift; path = WebService.swift; sourceTree = "<group>"; };
		51D9F92C2260E9F400741E1E /* Constants.swift */ = {isa = PBXFileReference; lastKnownFileType = sourcecode.swift; path = Constants.swift; sourceTree = "<group>"; };
		51D9F92E2260EB9800741E1E /* WebServiceAssembly.swift */ = {isa = PBXFileReference; lastKnownFileType = sourcecode.swift; path = WebServiceAssembly.swift; sourceTree = "<group>"; };
		51D9F9322260EBFA00741E1E /* CoreAssembly.swift */ = {isa = PBXFileReference; lastKnownFileType = sourcecode.swift; path = CoreAssembly.swift; sourceTree = "<group>"; };
		51D9F9352260F07000741E1E /* ComicCharacters.swift */ = {isa = PBXFileReference; lastKnownFileType = sourcecode.swift; path = ComicCharacters.swift; sourceTree = "<group>"; };
		51DEA1E8226111EF00D6DE90 /* GenericViewController.swift */ = {isa = PBXFileReference; lastKnownFileType = sourcecode.swift; path = GenericViewController.swift; sourceTree = "<group>"; };
		51DEA1EA2261123A00D6DE90 /* GenericInteractor.swift */ = {isa = PBXFileReference; lastKnownFileType = sourcecode.swift; path = GenericInteractor.swift; sourceTree = "<group>"; };
		51DEA1EC2261126B00D6DE90 /* GenericWireframe.swift */ = {isa = PBXFileReference; lastKnownFileType = sourcecode.swift; path = GenericWireframe.swift; sourceTree = "<group>"; };
		51DEA1EE226112A900D6DE90 /* GenericPresenter.swift */ = {isa = PBXFileReference; lastKnownFileType = sourcecode.swift; path = GenericPresenter.swift; sourceTree = "<group>"; };
		51DEA1F22261138300D6DE90 /* LoginProtocols.swift */ = {isa = PBXFileReference; lastKnownFileType = sourcecode.swift; path = LoginProtocols.swift; sourceTree = "<group>"; };
		51DEA1F42261139B00D6DE90 /* LoginWireframeImplementation.swift */ = {isa = PBXFileReference; lastKnownFileType = sourcecode.swift; path = LoginWireframeImplementation.swift; sourceTree = "<group>"; };
		51DEA1F6226113B300D6DE90 /* LoginIntereactorImplementation.swift */ = {isa = PBXFileReference; lastKnownFileType = sourcecode.swift; path = LoginIntereactorImplementation.swift; sourceTree = "<group>"; };
		51DEA1F8226113C500D6DE90 /* LoginPresenterImplementation.swift */ = {isa = PBXFileReference; lastKnownFileType = sourcecode.swift; path = LoginPresenterImplementation.swift; sourceTree = "<group>"; };
		51DEA1FA226113DF00D6DE90 /* LoginViewController.swift */ = {isa = PBXFileReference; lastKnownFileType = sourcecode.swift; path = LoginViewController.swift; sourceTree = "<group>"; };
		51DEA1FB226113DF00D6DE90 /* LoginViewController.xib */ = {isa = PBXFileReference; lastKnownFileType = file.xib; path = LoginViewController.xib; sourceTree = "<group>"; };
		51DEA1FE2261196D00D6DE90 /* LoginAssembly.swift */ = {isa = PBXFileReference; lastKnownFileType = sourcecode.swift; path = LoginAssembly.swift; sourceTree = "<group>"; };
/* End PBXFileReference section */

/* Begin PBXFrameworksBuildPhase section */
		51D9F8FE2260E38B00741E1E /* Frameworks */ = {
			isa = PBXFrameworksBuildPhase;
			buildActionMask = 2147483647;
			files = (
			);
			runOnlyForDeploymentPostprocessing = 0;
		};
		51D9F9122260E38C00741E1E /* Frameworks */ = {
			isa = PBXFrameworksBuildPhase;
			buildActionMask = 2147483647;
			files = (
			);
			runOnlyForDeploymentPostprocessing = 0;
		};
/* End PBXFrameworksBuildPhase section */

/* Begin PBXGroup section */
		51D9F8F82260E38B00741E1E = {
			isa = PBXGroup;
			children = (
				51D9F9032260E38B00741E1E /* Marvel-Viper */,
				51D9F9182260E38C00741E1E /* Marvel-ViperTests */,
				51D9F9022260E38B00741E1E /* Products */,
			);
			sourceTree = "<group>";
		};
		51D9F9022260E38B00741E1E /* Products */ = {
			isa = PBXGroup;
			children = (
				51D9F9012260E38B00741E1E /* Marvel-Viper.app */,
				51D9F9152260E38C00741E1E /* Marvel-ViperTests.xctest */,
			);
			name = Products;
			sourceTree = "<group>";
		};
		51D9F9032260E38B00741E1E /* Marvel-Viper */ = {
			isa = PBXGroup;
			children = (
				51D9F9042260E38B00741E1E /* AppDelegate.swift */,
				51D9F90B2260E38C00741E1E /* Assets.xcassets */,
				51D9F90D2260E38C00741E1E /* LaunchScreen.storyboard */,
				51D9F9102260E38C00741E1E /* Info.plist */,
				51DEA1F02261136900D6DE90 /* FLOW_SECTIONS */,
				51DEA1E7226111CE00D6DE90 /* GENERIC_CLASSES */,
				51D9F9312260EBEE00741E1E /* DI */,
				51D9F92B2260E9D600741E1E /* COMMONS */,
				51D9F9242260E91500741E1E /* Web Service */,
			);
			path = "Marvel-Viper";
			sourceTree = "<group>";
		};
		51D9F9182260E38C00741E1E /* Marvel-ViperTests */ = {
			isa = PBXGroup;
			children = (
				51D9F9192260E38C00741E1E /* Marvel_ViperTests.swift */,
				51D9F91B2260E38C00741E1E /* Info.plist */,
			);
			path = "Marvel-ViperTests";
			sourceTree = "<group>";
		};
		51D9F9242260E91500741E1E /* Web Service */ = {
			isa = PBXGroup;
			children = (
				51D9F9252260E93200741E1E /* WebServiceConfiguration.swift */,
				51D9F9272260E97A00741E1E /* Endpoint.swift */,
				51D9F92E2260EB9800741E1E /* WebServiceAssembly.swift */,
				51D9F9292260E9C100741E1E /* WebService.swift */,
			);
			path = "Web Service";
			sourceTree = "<group>";
		};
		51D9F92B2260E9D600741E1E /* COMMONS */ = {
			isa = PBXGroup;
			children = (
				51D9F92C2260E9F400741E1E /* Constants.swift */,
				51D9F9342260F05D00741E1E /* Entities */,
			);
			path = COMMONS;
			sourceTree = "<group>";
		};
		51D9F9312260EBEE00741E1E /* DI */ = {
			isa = PBXGroup;
			children = (
				51D9F9322260EBFA00741E1E /* CoreAssembly.swift */,
			);
			path = DI;
			sourceTree = "<group>";
		};
		51D9F9342260F05D00741E1E /* Entities */ = {
			isa = PBXGroup;
			children = (
				51D9F9352260F07000741E1E /* ComicCharacters.swift */,
				51C468F42260F288008E5DE8 /* MarvelComic.swift */,
				51C468F62260F326008E5DE8 /* DataClass.swift */,
				51C468F82260F349008E5DE8 /* Thumbnail.swift */,
				51C469082260F50F008E5DE8 /* MarvelSeries.swift */,
				51C468FA2260F362008E5DE8 /* Price.swift */,
				51C468FE2260F38B008E5DE8 /* Stories.swift */,
				51C469002260F3D6008E5DE8 /* StoriesItem.swift */,
				51C4690E2260F6CB008E5DE8 /* DateElement.swift */,
				51C4690C2260F6A5008E5DE8 /* CharactersItem.swift */,
				51C469102260F6DD008E5DE8 /* TextObject.swift */,
				51C469042260F454008E5DE8 /* ComicsItem.swift */,
				51C469182260FB4E008E5DE8 /* Item.swift */,
				51C469142260FA7E008E5DE8 /* MarvelStories.swift */,
				51C469122260F6F8008E5DE8 /* Characters.swift */,
				51C468FC2260F37A008E5DE8 /* Events.swift */,
				51C469022260F42B008E5DE8 /* URLElement.swift */,
				51C4690A2260F66E008E5DE8 /* Result.swift */,
				51C469062260F477008E5DE8 /* Comics.swift */,
			);
			path = Entities;
			sourceTree = "<group>";
		};
		51DEA1E7226111CE00D6DE90 /* GENERIC_CLASSES */ = {
			isa = PBXGroup;
			children = (
				51DEA1E8226111EF00D6DE90 /* GenericViewController.swift */,
				51DEA1EA2261123A00D6DE90 /* GenericInteractor.swift */,
				51DEA1EC2261126B00D6DE90 /* GenericWireframe.swift */,
				51DEA1EE226112A900D6DE90 /* GenericPresenter.swift */,
			);
			path = GENERIC_CLASSES;
			sourceTree = "<group>";
		};
		51DEA1F02261136900D6DE90 /* FLOW_SECTIONS */ = {
			isa = PBXGroup;
			children = (
				51DEA1F12261137200D6DE90 /* LOGIN */,
			);
			path = FLOW_SECTIONS;
			sourceTree = "<group>";
		};
		51DEA1F12261137200D6DE90 /* LOGIN */ = {
			isa = PBXGroup;
			children = (
				51DEA1F22261138300D6DE90 /* LoginProtocols.swift */,
				51DEA1F42261139B00D6DE90 /* LoginWireframeImplementation.swift */,
				51DEA1F8226113C500D6DE90 /* LoginPresenterImplementation.swift */,
				51DEA1F6226113B300D6DE90 /* LoginIntereactorImplementation.swift */,
				51DEA1FA226113DF00D6DE90 /* LoginViewController.swift */,
				51DEA1FE2261196D00D6DE90 /* LoginAssembly.swift */,
				51DEA1FB226113DF00D6DE90 /* LoginViewController.xib */,
			);
			path = LOGIN;
			sourceTree = "<group>";
		};
/* End PBXGroup section */

/* Begin PBXNativeTarget section */
		51D9F9002260E38B00741E1E /* Marvel-Viper */ = {
			isa = PBXNativeTarget;
			buildConfigurationList = 51D9F91E2260E38C00741E1E /* Build configuration list for PBXNativeTarget "Marvel-Viper" */;
			buildPhases = (
				51D9F8FD2260E38B00741E1E /* Sources */,
				51D9F8FE2260E38B00741E1E /* Frameworks */,
				51D9F8FF2260E38B00741E1E /* Resources */,
			);
			buildRules = (
			);
			dependencies = (
			);
			name = "Marvel-Viper";
			productName = "Marvel-Viper";
			productReference = 51D9F9012260E38B00741E1E /* Marvel-Viper.app */;
			productType = "com.apple.product-type.application";
		};
		51D9F9142260E38C00741E1E /* Marvel-ViperTests */ = {
			isa = PBXNativeTarget;
			buildConfigurationList = 51D9F9212260E38C00741E1E /* Build configuration list for PBXNativeTarget "Marvel-ViperTests" */;
			buildPhases = (
				51D9F9112260E38C00741E1E /* Sources */,
				51D9F9122260E38C00741E1E /* Frameworks */,
				51D9F9132260E38C00741E1E /* Resources */,
			);
			buildRules = (
			);
			dependencies = (
				51D9F9172260E38C00741E1E /* PBXTargetDependency */,
			);
			name = "Marvel-ViperTests";
			productName = "Marvel-ViperTests";
			productReference = 51D9F9152260E38C00741E1E /* Marvel-ViperTests.xctest */;
			productType = "com.apple.product-type.bundle.unit-test";
		};
/* End PBXNativeTarget section */

/* Begin PBXProject section */
		51D9F8F92260E38B00741E1E /* Project object */ = {
			isa = PBXProject;
			attributes = {
				LastSwiftUpdateCheck = 1010;
				LastUpgradeCheck = 1010;
				ORGANIZATIONNAME = "Alan Casas";
				TargetAttributes = {
					51D9F9002260E38B00741E1E = {
						CreatedOnToolsVersion = 10.1;
					};
					51D9F9142260E38C00741E1E = {
						CreatedOnToolsVersion = 10.1;
						TestTargetID = 51D9F9002260E38B00741E1E;
					};
				};
			};
			buildConfigurationList = 51D9F8FC2260E38B00741E1E /* Build configuration list for PBXProject "Marvel-Viper" */;
			compatibilityVersion = "Xcode 9.3";
			developmentRegion = en;
			hasScannedForEncodings = 0;
			knownRegions = (
				en,
				Base,
			);
			mainGroup = 51D9F8F82260E38B00741E1E;
			productRefGroup = 51D9F9022260E38B00741E1E /* Products */;
			projectDirPath = "";
			projectRoot = "";
			targets = (
				51D9F9002260E38B00741E1E /* Marvel-Viper */,
				51D9F9142260E38C00741E1E /* Marvel-ViperTests */,
			);
		};
/* End PBXProject section */

/* Begin PBXResourcesBuildPhase section */
		51D9F8FF2260E38B00741E1E /* Resources */ = {
			isa = PBXResourcesBuildPhase;
			buildActionMask = 2147483647;
			files = (
				51D9F90F2260E38C00741E1E /* LaunchScreen.storyboard in Resources */,
				51D9F90C2260E38C00741E1E /* Assets.xcassets in Resources */,
				51DEA1FD226113DF00D6DE90 /* LoginViewController.xib in Resources */,
			);
			runOnlyForDeploymentPostprocessing = 0;
		};
		51D9F9132260E38C00741E1E /* Resources */ = {
			isa = PBXResourcesBuildPhase;
			buildActionMask = 2147483647;
			files = (
			);
			runOnlyForDeploymentPostprocessing = 0;
		};
/* End PBXResourcesBuildPhase section */

/* Begin PBXSourcesBuildPhase section */
		51D9F8FD2260E38B00741E1E /* Sources */ = {
			isa = PBXSourcesBuildPhase;
			buildActionMask = 2147483647;
			files = (
				51DEA1EF226112A900D6DE90 /* GenericPresenter.swift in Sources */,
				51C468FD2260F37A008E5DE8 /* Events.swift in Sources */,
				51DEA1ED2261126B00D6DE90 /* GenericWireframe.swift in Sources */,
				51D9F92D2260E9F400741E1E /* Constants.swift in Sources */,
				51DEA1EB2261123A00D6DE90 /* GenericInteractor.swift in Sources */,
				51D9F9052260E38B00741E1E /* AppDelegate.swift in Sources */,
				51C469152260FA7E008E5DE8 /* MarvelStories.swift in Sources */,
				51DEA1FF2261196D00D6DE90 /* LoginAssembly.swift in Sources */,
				51DEA1F32261138300D6DE90 /* LoginProtocols.swift in Sources */,
				51C468F72260F326008E5DE8 /* DataClass.swift in Sources */,
				51D9F9282260E97A00741E1E /* Endpoint.swift in Sources */,
				51DEA1F52261139B00D6DE90 /* LoginWireframeImplementation.swift in Sources */,
				51C469112260F6DD008E5DE8 /* TextObject.swift in Sources */,
				51D9F9362260F07000741E1E /* ComicCharacters.swift in Sources */,
				51C4690B2260F66E008E5DE8 /* Result.swift in Sources */,
				51DEA1E9226111EF00D6DE90 /* GenericViewController.swift in Sources */,
				51C468FB2260F362008E5DE8 /* Price.swift in Sources */,
				51C469052260F454008E5DE8 /* ComicsItem.swift in Sources */,
				51D9F92A2260E9C100741E1E /* WebService.swift in Sources */,
				51C4690D2260F6A5008E5DE8 /* CharactersItem.swift in Sources */,
				51C469032260F42B008E5DE8 /* URLElement.swift in Sources */,
				51D9F92F2260EB9800741E1E /* WebServiceAssembly.swift in Sources */,
				51D9F9332260EBFA00741E1E /* CoreAssembly.swift in Sources */,
				51DEA1F7226113B300D6DE90 /* LoginIntereactorImplementation.swift in Sources */,
				51D9F9262260E93200741E1E /* WebServiceConfiguration.swift in Sources */,
				51C468F52260F288008E5DE8 /* MarvelComic.swift in Sources */,
				51C469012260F3D6008E5DE8 /* StoriesItem.swift in Sources */,
				51DEA1F9226113C500D6DE90 /* LoginPresenterImplementation.swift in Sources */,
				51C468F92260F349008E5DE8 /* Thumbnail.swift in Sources */,
				51DEA1FC226113DF00D6DE90 /* LoginViewController.swift in Sources */,
				51C469192260FB4E008E5DE8 /* Item.swift in Sources */,
				51C469132260F6F8008E5DE8 /* Characters.swift in Sources */,
				51C4690F2260F6CB008E5DE8 /* DateElement.swift in Sources */,
				51C469092260F50F008E5DE8 /* MarvelSeries.swift in Sources */,
				51C468FF2260F38B008E5DE8 /* Stories.swift in Sources */,
				51C469072260F477008E5DE8 /* Comics.swift in Sources */,
			);
			runOnlyForDeploymentPostprocessing = 0;
		};
		51D9F9112260E38C00741E1E /* Sources */ = {
			isa = PBXSourcesBuildPhase;
			buildActionMask = 2147483647;
			files = (
				51D9F91A2260E38C00741E1E /* Marvel_ViperTests.swift in Sources */,
			);
			runOnlyForDeploymentPostprocessing = 0;
		};
/* End PBXSourcesBuildPhase section */

/* Begin PBXTargetDependency section */
		51D9F9172260E38C00741E1E /* PBXTargetDependency */ = {
			isa = PBXTargetDependency;
			target = 51D9F9002260E38B00741E1E /* Marvel-Viper */;
			targetProxy = 51D9F9162260E38C00741E1E /* PBXContainerItemProxy */;
		};
/* End PBXTargetDependency section */

/* Begin PBXVariantGroup section */
		51D9F90D2260E38C00741E1E /* LaunchScreen.storyboard */ = {
			isa = PBXVariantGroup;
			children = (
				51D9F90E2260E38C00741E1E /* Base */,
			);
			name = LaunchScreen.storyboard;
			sourceTree = "<group>";
		};
/* End PBXVariantGroup section */

/* Begin XCBuildConfiguration section */
		51D9F91C2260E38C00741E1E /* Debug */ = {
			isa = XCBuildConfiguration;
			buildSettings = {
				ALWAYS_SEARCH_USER_PATHS = NO;
				CLANG_ANALYZER_NONNULL = YES;
				CLANG_ANALYZER_NUMBER_OBJECT_CONVERSION = YES_AGGRESSIVE;
				CLANG_CXX_LANGUAGE_STANDARD = "gnu++14";
				CLANG_CXX_LIBRARY = "libc++";
				CLANG_ENABLE_MODULES = YES;
				CLANG_ENABLE_OBJC_ARC = YES;
				CLANG_ENABLE_OBJC_WEAK = YES;
				CLANG_WARN_BLOCK_CAPTURE_AUTORELEASING = YES;
				CLANG_WARN_BOOL_CONVERSION = YES;
				CLANG_WARN_COMMA = YES;
				CLANG_WARN_CONSTANT_CONVERSION = YES;
				CLANG_WARN_DEPRECATED_OBJC_IMPLEMENTATIONS = YES;
				CLANG_WARN_DIRECT_OBJC_ISA_USAGE = YES_ERROR;
				CLANG_WARN_DOCUMENTATION_COMMENTS = YES;
				CLANG_WARN_EMPTY_BODY = YES;
				CLANG_WARN_ENUM_CONVERSION = YES;
				CLANG_WARN_INFINITE_RECURSION = YES;
				CLANG_WARN_INT_CONVERSION = YES;
				CLANG_WARN_NON_LITERAL_NULL_CONVERSION = YES;
				CLANG_WARN_OBJC_IMPLICIT_RETAIN_SELF = YES;
				CLANG_WARN_OBJC_LITERAL_CONVERSION = YES;
				CLANG_WARN_OBJC_ROOT_CLASS = YES_ERROR;
				CLANG_WARN_RANGE_LOOP_ANALYSIS = YES;
				CLANG_WARN_STRICT_PROTOTYPES = YES;
				CLANG_WARN_SUSPICIOUS_MOVE = YES;
				CLANG_WARN_UNGUARDED_AVAILABILITY = YES_AGGRESSIVE;
				CLANG_WARN_UNREACHABLE_CODE = YES;
				CLANG_WARN__DUPLICATE_METHOD_MATCH = YES;
				CODE_SIGN_IDENTITY = "iPhone Developer";
				COPY_PHASE_STRIP = NO;
				DEBUG_INFORMATION_FORMAT = dwarf;
				ENABLE_STRICT_OBJC_MSGSEND = YES;
				ENABLE_TESTABILITY = YES;
				GCC_C_LANGUAGE_STANDARD = gnu11;
				GCC_DYNAMIC_NO_PIC = NO;
				GCC_NO_COMMON_BLOCKS = YES;
				GCC_OPTIMIZATION_LEVEL = 0;
				GCC_PREPROCESSOR_DEFINITIONS = (
					"DEBUG=1",
					"$(inherited)",
				);
				GCC_WARN_64_TO_32_BIT_CONVERSION = YES;
				GCC_WARN_ABOUT_RETURN_TYPE = YES_ERROR;
				GCC_WARN_UNDECLARED_SELECTOR = YES;
				GCC_WARN_UNINITIALIZED_AUTOS = YES_AGGRESSIVE;
				GCC_WARN_UNUSED_FUNCTION = YES;
				GCC_WARN_UNUSED_VARIABLE = YES;
				IPHONEOS_DEPLOYMENT_TARGET = 12.1;
				MTL_ENABLE_DEBUG_INFO = INCLUDE_SOURCE;
				MTL_FAST_MATH = YES;
				ONLY_ACTIVE_ARCH = YES;
				SDKROOT = iphoneos;
				SWIFT_ACTIVE_COMPILATION_CONDITIONS = DEBUG;
				SWIFT_OPTIMIZATION_LEVEL = "-Onone";
			};
			name = Debug;
		};
		51D9F91D2260E38C00741E1E /* Release */ = {
			isa = XCBuildConfiguration;
			buildSettings = {
				ALWAYS_SEARCH_USER_PATHS = NO;
				CLANG_ANALYZER_NONNULL = YES;
				CLANG_ANALYZER_NUMBER_OBJECT_CONVERSION = YES_AGGRESSIVE;
				CLANG_CXX_LANGUAGE_STANDARD = "gnu++14";
				CLANG_CXX_LIBRARY = "libc++";
				CLANG_ENABLE_MODULES = YES;
				CLANG_ENABLE_OBJC_ARC = YES;
				CLANG_ENABLE_OBJC_WEAK = YES;
				CLANG_WARN_BLOCK_CAPTURE_AUTORELEASING = YES;
				CLANG_WARN_BOOL_CONVERSION = YES;
				CLANG_WARN_COMMA = YES;
				CLANG_WARN_CONSTANT_CONVERSION = YES;
				CLANG_WARN_DEPRECATED_OBJC_IMPLEMENTATIONS = YES;
				CLANG_WARN_DIRECT_OBJC_ISA_USAGE = YES_ERROR;
				CLANG_WARN_DOCUMENTATION_COMMENTS = YES;
				CLANG_WARN_EMPTY_BODY = YES;
				CLANG_WARN_ENUM_CONVERSION = YES;
				CLANG_WARN_INFINITE_RECURSION = YES;
				CLANG_WARN_INT_CONVERSION = YES;
				CLANG_WARN_NON_LITERAL_NULL_CONVERSION = YES;
				CLANG_WARN_OBJC_IMPLICIT_RETAIN_SELF = YES;
				CLANG_WARN_OBJC_LITERAL_CONVERSION = YES;
				CLANG_WARN_OBJC_ROOT_CLASS = YES_ERROR;
				CLANG_WARN_RANGE_LOOP_ANALYSIS = YES;
				CLANG_WARN_STRICT_PROTOTYPES = YES;
				CLANG_WARN_SUSPICIOUS_MOVE = YES;
				CLANG_WARN_UNGUARDED_AVAILABILITY = YES_AGGRESSIVE;
				CLANG_WARN_UNREACHABLE_CODE = YES;
				CLANG_WARN__DUPLICATE_METHOD_MATCH = YES;
				CODE_SIGN_IDENTITY = "iPhone Developer";
				COPY_PHASE_STRIP = NO;
				DEBUG_INFORMATION_FORMAT = "dwarf-with-dsym";
				ENABLE_NS_ASSERTIONS = NO;
				ENABLE_STRICT_OBJC_MSGSEND = YES;
				GCC_C_LANGUAGE_STANDARD = gnu11;
				GCC_NO_COMMON_BLOCKS = YES;
				GCC_WARN_64_TO_32_BIT_CONVERSION = YES;
				GCC_WARN_ABOUT_RETURN_TYPE = YES_ERROR;
				GCC_WARN_UNDECLARED_SELECTOR = YES;
				GCC_WARN_UNINITIALIZED_AUTOS = YES_AGGRESSIVE;
				GCC_WARN_UNUSED_FUNCTION = YES;
				GCC_WARN_UNUSED_VARIABLE = YES;
				IPHONEOS_DEPLOYMENT_TARGET = 12.1;
				MTL_ENABLE_DEBUG_INFO = NO;
				MTL_FAST_MATH = YES;
				SDKROOT = iphoneos;
				SWIFT_COMPILATION_MODE = wholemodule;
				SWIFT_OPTIMIZATION_LEVEL = "-O";
				VALIDATE_PRODUCT = YES;
			};
			name = Release;
		};
		51D9F91F2260E38C00741E1E /* Debug */ = {
			isa = XCBuildConfiguration;
			buildSettings = {
				ASSETCATALOG_COMPILER_APPICON_NAME = AppIcon;
				CODE_SIGN_STYLE = Automatic;
				INFOPLIST_FILE = "Marvel-Viper/Info.plist";
				IPHONEOS_DEPLOYMENT_TARGET = 10.3;
				LD_RUNPATH_SEARCH_PATHS = (
					"$(inherited)",
					"@executable_path/Frameworks",
				);
				PRODUCT_BUNDLE_IDENTIFIER = "com.alancasasarevalo-gmail.Marvel-Viper";
				PRODUCT_NAME = "$(TARGET_NAME)";
				SWIFT_VERSION = 4.2;
				TARGETED_DEVICE_FAMILY = "1,2";
			};
			name = Debug;
		};
		51D9F9202260E38C00741E1E /* Release */ = {
			isa = XCBuildConfiguration;
			buildSettings = {
				ASSETCATALOG_COMPILER_APPICON_NAME = AppIcon;
				CODE_SIGN_STYLE = Automatic;
				INFOPLIST_FILE = "Marvel-Viper/Info.plist";
				IPHONEOS_DEPLOYMENT_TARGET = 10.3;
				LD_RUNPATH_SEARCH_PATHS = (
					"$(inherited)",
					"@executable_path/Frameworks",
				);
				PRODUCT_BUNDLE_IDENTIFIER = "com.alancasasarevalo-gmail.Marvel-Viper";
				PRODUCT_NAME = "$(TARGET_NAME)";
				SWIFT_VERSION = 4.2;
				TARGETED_DEVICE_FAMILY = "1,2";
			};
			name = Release;
		};
		51D9F9222260E38C00741E1E /* Debug */ = {
			isa = XCBuildConfiguration;
			buildSettings = {
				ALWAYS_EMBED_SWIFT_STANDARD_LIBRARIES = YES;
				BUNDLE_LOADER = "$(TEST_HOST)";
				CODE_SIGN_STYLE = Automatic;
				INFOPLIST_FILE = "Marvel-ViperTests/Info.plist";
				LD_RUNPATH_SEARCH_PATHS = (
					"$(inherited)",
					"@executable_path/Frameworks",
					"@loader_path/Frameworks",
				);
				PRODUCT_BUNDLE_IDENTIFIER = "com.alancasasarevalo-gmail.Marvel-ViperTests";
				PRODUCT_NAME = "$(TARGET_NAME)";
				SWIFT_VERSION = 4.2;
				TARGETED_DEVICE_FAMILY = "1,2";
				TEST_HOST = "$(BUILT_PRODUCTS_DIR)/Marvel-Viper.app/Marvel-Viper";
			};
			name = Debug;
		};
		51D9F9232260E38C00741E1E /* Release */ = {
			isa = XCBuildConfiguration;
			buildSettings = {
				ALWAYS_EMBED_SWIFT_STANDARD_LIBRARIES = YES;
				BUNDLE_LOADER = "$(TEST_HOST)";
				CODE_SIGN_STYLE = Automatic;
				INFOPLIST_FILE = "Marvel-ViperTests/Info.plist";
				LD_RUNPATH_SEARCH_PATHS = (
					"$(inherited)",
					"@executable_path/Frameworks",
					"@loader_path/Frameworks",
				);
				PRODUCT_BUNDLE_IDENTIFIER = "com.alancasasarevalo-gmail.Marvel-ViperTests";
				PRODUCT_NAME = "$(TARGET_NAME)";
				SWIFT_VERSION = 4.2;
				TARGETED_DEVICE_FAMILY = "1,2";
				TEST_HOST = "$(BUILT_PRODUCTS_DIR)/Marvel-Viper.app/Marvel-Viper";
			};
			name = Release;
		};
/* End XCBuildConfiguration section */

/* Begin XCConfigurationList section */
		51D9F8FC2260E38B00741E1E /* Build configuration list for PBXProject "Marvel-Viper" */ = {
			isa = XCConfigurationList;
			buildConfigurations = (
				51D9F91C2260E38C00741E1E /* Debug */,
				51D9F91D2260E38C00741E1E /* Release */,
			);
			defaultConfigurationIsVisible = 0;
			defaultConfigurationName = Release;
		};
		51D9F91E2260E38C00741E1E /* Build configuration list for PBXNativeTarget "Marvel-Viper" */ = {
			isa = XCConfigurationList;
			buildConfigurations = (
				51D9F91F2260E38C00741E1E /* Debug */,
				51D9F9202260E38C00741E1E /* Release */,
			);
			defaultConfigurationIsVisible = 0;
			defaultConfigurationName = Release;
		};
		51D9F9212260E38C00741E1E /* Build configuration list for PBXNativeTarget "Marvel-ViperTests" */ = {
			isa = XCConfigurationList;
			buildConfigurations = (
				51D9F9222260E38C00741E1E /* Debug */,
				51D9F9232260E38C00741E1E /* Release */,
			);
			defaultConfigurationIsVisible = 0;
			defaultConfigurationName = Release;
		};
/* End XCConfigurationList section */
	};
	rootObject = 51D9F8F92260E38B00741E1E /* Project object */;
}
